
Microsoft Visual Studio Solution File, Format Version 12.00
# Visual Studio Version 17
VisualStudioVersion = 17.14.36429.23 d17.14
MinimumVisualStudioVersion = 10.0.40219.1
Project("{FAE04EC0-301F-11D3-BF4B-00C04F79EFBC}") = "LocalizationSchedulerSample", "LocalizationSchedulerSample\LocalizationSchedulerSample.csproj", "{BD2A13D0-B199-42C9-8A55-6B12ADAE53E2}"
EndProject
Project("{FAE04EC0-301F-11D3-BF4B-00C04F79EFBC}") = "LocalizationSchedulerSample.Client", "LocalizationSchedulerSample.Client\LocalizationSchedulerSample.Client.csproj", "{F8CAA285-5F81-49C0-A66A-C489C460DC0E}"
EndProject
Global
	GlobalSection(SolutionConfigurationPlatforms) = preSolution
		Debug|Any CPU = Debug|Any CPU
		Release|Any CPU = Release|Any CPU
	EndGlobalSection
	GlobalSection(ProjectConfigurationPlatforms) = postSolution
		{BD2A13D0-B199-42C9-8A55-6B12ADAE53E2}.Debug|Any CPU.ActiveCfg = Debug|Any CPU
		{BD2A13D0-B199-42C9-8A55-6B12ADAE53E2}.Debug|Any CPU.Build.0 = Debug|Any CPU
		{BD2A13D0-B199-42C9-8A55-6B12ADAE53E2}.Release|Any CPU.ActiveCfg = Release|Any CPU
		{BD2A13D0-B199-42C9-8A55-6B12ADAE53E2}.Release|Any CPU.Build.0 = Release|Any CPU
		{F8CAA285-5F81-49C0-A66A-C489C460DC0E}.Debug|Any CPU.ActiveCfg = Debug|Any CPU
		{F8CAA285-5F81-49C0-A66A-C489C460DC0E}.Debug|Any CPU.Build.0 = Debug|Any CPU
		{F8CAA285-5F81-49C0-A66A-C489C460DC0E}.Release|Any CPU.ActiveCfg = Release|Any CPU
		{F8CAA285-5F81-49C0-A66A-C489C460DC0E}.Release|Any CPU.Build.0 = Release|Any CPU
	EndGlobalSection
	GlobalSection(SolutionProperties) = preSolution
		HideSolutionNode = FALSE
	EndGlobalSection
	GlobalSection(ExtensibilityGlobals) = postSolution
		SolutionGuid = {FEE1DB71-CE3B-4266-BB55-88C1012BE194}
	EndGlobalSection
EndGlobal
